// !$*UTF8*$!
{
	archiveVersion = 1;
	classes = {
	};
	objectVersion = 46;
	objects = {

/* Begin PBXBuildFile section */
		612AACCE1BB4452900144E5F /* AppDelegate.swift in Sources */ = {isa = PBXBuildFile; fileRef = 612AACCD1BB4452900144E5F /* AppDelegate.swift */; };
		612AACD01BB4452900144E5F /* TMRootViewController.swift in Sources */ = {isa = PBXBuildFile; fileRef = 612AACCF1BB4452900144E5F /* TMRootViewController.swift */; };
		612AACD31BB4452900144E5F /* Main.storyboard in Resources */ = {isa = PBXBuildFile; fileRef = 612AACD11BB4452900144E5F /* Main.storyboard */; };
		612AACD51BB4452900144E5F /* Assets.xcassets in Resources */ = {isa = PBXBuildFile; fileRef = 612AACD41BB4452900144E5F /* Assets.xcassets */; };
		612AACD81BB4452900144E5F /* LaunchScreen.storyboard in Resources */ = {isa = PBXBuildFile; fileRef = 612AACD61BB4452900144E5F /* LaunchScreen.storyboard */; };
		612AAD0F1BB4462B00144E5F /* TMGuild.swift in Sources */ = {isa = PBXBuildFile; fileRef = 612AAD0E1BB4462B00144E5F /* TMGuild.swift */; settings = {ASSET_TAGS = (); }; };
		612AAD121BB4473700144E5F /* TMManager.swift in Sources */ = {isa = PBXBuildFile; fileRef = 612AAD111BB4473700144E5F /* TMManager.swift */; settings = {ASSET_TAGS = (); }; };
		612AAD171BB44A2C00144E5F /* TMGuildTableViewController.swift in Sources */ = {isa = PBXBuildFile; fileRef = 612AAD161BB44A2C00144E5F /* TMGuildTableViewController.swift */; settings = {ASSET_TAGS = (); }; };
		612AAD191BB44A4A00144E5F /* TMGuildTableViewCell.swift in Sources */ = {isa = PBXBuildFile; fileRef = 612AAD181BB44A4A00144E5F /* TMGuildTableViewCell.swift */; settings = {ASSET_TAGS = (); }; };
		612AAD1C1BB44AE100144E5F /* TMGuildChatViewController.swift in Sources */ = {isa = PBXBuildFile; fileRef = 612AAD1B1BB44AE100144E5F /* TMGuildChatViewController.swift */; settings = {ASSET_TAGS = (); }; };
		612AAD1E1BB44AF200144E5F /* TMGuildRosterViewController.swift in Sources */ = {isa = PBXBuildFile; fileRef = 612AAD1D1BB44AF200144E5F /* TMGuildRosterViewController.swift */; settings = {ASSET_TAGS = (); }; };
		612AAD201BB44B0100144E5F /* TMGuildActivityViewController.swift in Sources */ = {isa = PBXBuildFile; fileRef = 612AAD1F1BB44B0100144E5F /* TMGuildActivityViewController.swift */; settings = {ASSET_TAGS = (); }; };
		612AAD221BB44B1100144E5F /* TMGuildUpgradesViewController.swift in Sources */ = {isa = PBXBuildFile; fileRef = 612AAD211BB44B1100144E5F /* TMGuildUpgradesViewController.swift */; settings = {ASSET_TAGS = (); }; };
		612AAD241BB44B2E00144E5F /* TMGuildRanksViewController.swift in Sources */ = {isa = PBXBuildFile; fileRef = 612AAD231BB44B2E00144E5F /* TMGuildRanksViewController.swift */; settings = {ASSET_TAGS = (); }; };
		612AAD261BB44B5B00144E5F /* TMGuildViewController.swift in Sources */ = {isa = PBXBuildFile; fileRef = 612AAD251BB44B5B00144E5F /* TMGuildViewController.swift */; settings = {ASSET_TAGS = (); }; };
		6163E6121BBEA08E00AFDB62 /* TMDataManager.swift in Sources */ = {isa = PBXBuildFile; fileRef = 6163E6111BBEA08E00AFDB62 /* TMDataManager.swift */; settings = {ASSET_TAGS = (); }; };
		6163E6141BBEA0C000AFDB62 /* TMConstants.swift in Sources */ = {isa = PBXBuildFile; fileRef = 6163E6131BBEA0C000AFDB62 /* TMConstants.swift */; settings = {ASSET_TAGS = (); }; };
		6163E6161BBEA78200AFDB62 /* TMJSONParser.swift in Sources */ = {isa = PBXBuildFile; fileRef = 6163E6151BBEA78200AFDB62 /* TMJSONParser.swift */; settings = {ASSET_TAGS = (); }; };
		6163E6181BBEA83D00AFDB62 /* TMAccount.swift in Sources */ = {isa = PBXBuildFile; fileRef = 6163E6171BBEA83D00AFDB62 /* TMAccount.swift */; settings = {ASSET_TAGS = (); }; };
		6163E61A1BBEA9AB00AFDB62 /* TMGuildEmblem.swift in Sources */ = {isa = PBXBuildFile; fileRef = 6163E6191BBEA9AB00AFDB62 /* TMGuildEmblem.swift */; settings = {ASSET_TAGS = (); }; };
		6175570E1BBECA520008FE47 /* TMTabBarController.swift in Sources */ = {isa = PBXBuildFile; fileRef = 6175570D1BBECA520008FE47 /* TMTabBarController.swift */; settings = {ASSET_TAGS = (); }; };
		61DBC0D81BC42BFC006F7869 /* TMSettingsViewController.swift in Sources */ = {isa = PBXBuildFile; fileRef = 61DBC0D71BC42BFC006F7869 /* TMSettingsViewController.swift */; settings = {ASSET_TAGS = (); }; };
		9A80EB7A889658E765AFCE6C /* Pods.framework in Frameworks */ = {isa = PBXBuildFile; fileRef = 23F7DF2191BA8AA9DEB53EE4 /* Pods.framework */; settings = {ATTRIBUTES = (Weak, ); }; };
/* End PBXBuildFile section */

/* Begin PBXCopyFilesBuildPhase section */
		612AAD081BB4452A00144E5F /* Embed Watch Content */ = {
			isa = PBXCopyFilesBuildPhase;
			buildActionMask = 2147483647;
			dstPath = "$(CONTENTS_FOLDER_PATH)/Watch";
			dstSubfolderSpec = 16;
			files = (
			);
			name = "Embed Watch Content";
			runOnlyForDeploymentPostprocessing = 0;
		};
/* End PBXCopyFilesBuildPhase section */

/* Begin PBXFileReference section */
		17302F1F2B412D2840F8E34C /* Pods.debug.xcconfig */ = {isa = PBXFileReference; includeInIndex = 1; lastKnownFileType = text.xcconfig; name = Pods.debug.xcconfig; path = "Pods/Target Support Files/Pods/Pods.debug.xcconfig"; sourceTree = "<group>"; };
		23F7DF2191BA8AA9DEB53EE4 /* Pods.framework */ = {isa = PBXFileReference; explicitFileType = wrapper.framework; includeInIndex = 0; path = Pods.framework; sourceTree = BUILT_PRODUCTS_DIR; };
		612AACCA1BB4452900144E5F /* TyriaMessenger.app */ = {isa = PBXFileReference; explicitFileType = wrapper.application; includeInIndex = 0; path = TyriaMessenger.app; sourceTree = BUILT_PRODUCTS_DIR; };
		612AACCD1BB4452900144E5F /* AppDelegate.swift */ = {isa = PBXFileReference; lastKnownFileType = sourcecode.swift; path = AppDelegate.swift; sourceTree = "<group>"; };
		612AACCF1BB4452900144E5F /* TMRootViewController.swift */ = {isa = PBXFileReference; lastKnownFileType = sourcecode.swift; path = TMRootViewController.swift; sourceTree = "<group>"; };
		612AACD21BB4452900144E5F /* Base */ = {isa = PBXFileReference; lastKnownFileType = file.storyboard; name = Base; path = Base.lproj/Main.storyboard; sourceTree = "<group>"; };
		612AACD41BB4452900144E5F /* Assets.xcassets */ = {isa = PBXFileReference; lastKnownFileType = folder.assetcatalog; path = Assets.xcassets; sourceTree = "<group>"; };
		612AACD71BB4452900144E5F /* Base */ = {isa = PBXFileReference; lastKnownFileType = file.storyboard; name = Base; path = Base.lproj/LaunchScreen.storyboard; sourceTree = "<group>"; };
		612AACD91BB4452900144E5F /* Info.plist */ = {isa = PBXFileReference; lastKnownFileType = text.plist.xml; path = Info.plist; sourceTree = "<group>"; };
		612AAD0E1BB4462B00144E5F /* TMGuild.swift */ = {isa = PBXFileReference; fileEncoding = 4; lastKnownFileType = sourcecode.swift; name = TMGuild.swift; path = Classes/TMGuild.swift; sourceTree = "<group>"; };
		612AAD111BB4473700144E5F /* TMManager.swift */ = {isa = PBXFileReference; fileEncoding = 4; lastKnownFileType = sourcecode.swift; path = TMManager.swift; sourceTree = "<group>"; };
		612AAD161BB44A2C00144E5F /* TMGuildTableViewController.swift */ = {isa = PBXFileReference; fileEncoding = 4; lastKnownFileType = sourcecode.swift; name = TMGuildTableViewController.swift; path = "Guild Table/TMGuildTableViewController.swift"; sourceTree = "<group>"; };
		612AAD181BB44A4A00144E5F /* TMGuildTableViewCell.swift */ = {isa = PBXFileReference; fileEncoding = 4; lastKnownFileType = sourcecode.swift; name = TMGuildTableViewCell.swift; path = "Guild Table/TMGuildTableViewCell.swift"; sourceTree = "<group>"; };
		612AAD1B1BB44AE100144E5F /* TMGuildChatViewController.swift */ = {isa = PBXFileReference; fileEncoding = 4; lastKnownFileType = sourcecode.swift; name = TMGuildChatViewController.swift; path = Guild/TMGuildChatViewController.swift; sourceTree = "<group>"; };
		612AAD1D1BB44AF200144E5F /* TMGuildRosterViewController.swift */ = {isa = PBXFileReference; fileEncoding = 4; lastKnownFileType = sourcecode.swift; name = TMGuildRosterViewController.swift; path = Guild/TMGuildRosterViewController.swift; sourceTree = "<group>"; };
		612AAD1F1BB44B0100144E5F /* TMGuildActivityViewController.swift */ = {isa = PBXFileReference; fileEncoding = 4; lastKnownFileType = sourcecode.swift; name = TMGuildActivityViewController.swift; path = Guild/TMGuildActivityViewController.swift; sourceTree = "<group>"; };
		612AAD211BB44B1100144E5F /* TMGuildUpgradesViewController.swift */ = {isa = PBXFileReference; fileEncoding = 4; lastKnownFileType = sourcecode.swift; name = TMGuildUpgradesViewController.swift; path = Guild/TMGuildUpgradesViewController.swift; sourceTree = "<group>"; };
		612AAD231BB44B2E00144E5F /* TMGuildRanksViewController.swift */ = {isa = PBXFileReference; fileEncoding = 4; lastKnownFileType = sourcecode.swift; name = TMGuildRanksViewController.swift; path = Guild/TMGuildRanksViewController.swift; sourceTree = "<group>"; };
		612AAD251BB44B5B00144E5F /* TMGuildViewController.swift */ = {isa = PBXFileReference; fileEncoding = 4; lastKnownFileType = sourcecode.swift; name = TMGuildViewController.swift; path = Guild/TMGuildViewController.swift; sourceTree = "<group>"; };
		6163E6111BBEA08E00AFDB62 /* TMDataManager.swift */ = {isa = PBXFileReference; fileEncoding = 4; lastKnownFileType = sourcecode.swift; name = TMDataManager.swift; path = "JSON Parser/TMDataManager.swift"; sourceTree = "<group>"; };
		6163E6131BBEA0C000AFDB62 /* TMConstants.swift */ = {isa = PBXFileReference; fileEncoding = 4; lastKnownFileType = sourcecode.swift; path = TMConstants.swift; sourceTree = "<group>"; };
		6163E6151BBEA78200AFDB62 /* TMJSONParser.swift */ = {isa = PBXFileReference; fileEncoding = 4; lastKnownFileType = sourcecode.swift; name = TMJSONParser.swift; path = "JSON Parser/TMJSONParser.swift"; sourceTree = "<group>"; };
		6163E6171BBEA83D00AFDB62 /* TMAccount.swift */ = {isa = PBXFileReference; fileEncoding = 4; lastKnownFileType = sourcecode.swift; name = TMAccount.swift; path = Classes/TMAccount.swift; sourceTree = "<group>"; };
		6163E6191BBEA9AB00AFDB62 /* TMGuildEmblem.swift */ = {isa = PBXFileReference; fileEncoding = 4; lastKnownFileType = sourcecode.swift; name = TMGuildEmblem.swift; path = Classes/TMGuildEmblem.swift; sourceTree = "<group>"; };
		6175570D1BBECA520008FE47 /* TMTabBarController.swift */ = {isa = PBXFileReference; fileEncoding = 4; lastKnownFileType = sourcecode.swift; path = TMTabBarController.swift; sourceTree = "<group>"; };
		61DBC0D71BC42BFC006F7869 /* TMSettingsViewController.swift */ = {isa = PBXFileReference; fileEncoding = 4; lastKnownFileType = sourcecode.swift; name = TMSettingsViewController.swift; path = Settings/TMSettingsViewController.swift; sourceTree = "<group>"; };
		BB34E2EC11BDEF50FB1DB21C /* Pods.release.xcconfig */ = {isa = PBXFileReference; includeInIndex = 1; lastKnownFileType = text.xcconfig; name = Pods.release.xcconfig; path = "Pods/Target Support Files/Pods/Pods.release.xcconfig"; sourceTree = "<group>"; };
/* End PBXFileReference section */

/* Begin PBXFrameworksBuildPhase section */
		612AACC71BB4452900144E5F /* Frameworks */ = {
			isa = PBXFrameworksBuildPhase;
			buildActionMask = 2147483647;
			files = (
				9A80EB7A889658E765AFCE6C /* Pods.framework in Frameworks */,
			);
			runOnlyForDeploymentPostprocessing = 0;
		};
/* End PBXFrameworksBuildPhase section */

/* Begin PBXGroup section */
		2BC92472C5DBB4EF25C9C043 /* Pods */ = {
			isa = PBXGroup;
			children = (
				17302F1F2B412D2840F8E34C /* Pods.debug.xcconfig */,
				BB34E2EC11BDEF50FB1DB21C /* Pods.release.xcconfig */,
			);
			name = Pods;
			sourceTree = "<group>";
		};
		2D96F065721A4A048266C02C /* Frameworks */ = {
			isa = PBXGroup;
			children = (
				23F7DF2191BA8AA9DEB53EE4 /* Pods.framework */,
			);
			name = Frameworks;
			sourceTree = "<group>";
		};
		612AACC11BB4452900144E5F = {
			isa = PBXGroup;
			children = (
				612AACCC1BB4452900144E5F /* TyriaMessenger */,
				612AACCB1BB4452900144E5F /* Products */,
				2BC92472C5DBB4EF25C9C043 /* Pods */,
				2D96F065721A4A048266C02C /* Frameworks */,
			);
			sourceTree = "<group>";
		};
		612AACCB1BB4452900144E5F /* Products */ = {
			isa = PBXGroup;
			children = (
				612AACCA1BB4452900144E5F /* TyriaMessenger.app */,
			);
			name = Products;
			sourceTree = "<group>";
		};
		612AACCC1BB4452900144E5F /* TyriaMessenger */ = {
			isa = PBXGroup;
			children = (
				612AACCD1BB4452900144E5F /* AppDelegate.swift */,
				6163E6131BBEA0C000AFDB62 /* TMConstants.swift */,
				612AACCF1BB4452900144E5F /* TMRootViewController.swift */,
				612AAD111BB4473700144E5F /* TMManager.swift */,
				6175570D1BBECA520008FE47 /* TMTabBarController.swift */,
				612AACD11BB4452900144E5F /* Main.storyboard */,
				612AACD61BB4452900144E5F /* LaunchScreen.storyboard */,
				612AAD101BB4463100144E5F /* Classes */,
				612AAD1A1BB44A9900144E5F /* Guild */,
				61DBC0D61BC42BDF006F7869 /* Settings */,
				612AAD0D1BB445D500144E5F /* Guild Table */,
				6163E60E1BBEA04600AFDB62 /* JSON Parser */,
				612AAD0C1BB4453400144E5F /* Supporting Files */,
			);
			path = TyriaMessenger;
			sourceTree = "<group>";
		};
		612AAD0C1BB4453400144E5F /* Supporting Files */ = {
			isa = PBXGroup;
			children = (
				612AACD41BB4452900144E5F /* Assets.xcassets */,
				612AACD91BB4452900144E5F /* Info.plist */,
			);
			name = "Supporting Files";
			sourceTree = "<group>";
		};
		612AAD0D1BB445D500144E5F /* Guild Table */ = {
			isa = PBXGroup;
			children = (
				612AAD181BB44A4A00144E5F /* TMGuildTableViewCell.swift */,
				612AAD161BB44A2C00144E5F /* TMGuildTableViewController.swift */,
			);
			name = "Guild Table";
			sourceTree = "<group>";
		};
		612AAD101BB4463100144E5F /* Classes */ = {
			isa = PBXGroup;
			children = (
				6163E6171BBEA83D00AFDB62 /* TMAccount.swift */,
				612AAD0E1BB4462B00144E5F /* TMGuild.swift */,
				6163E6191BBEA9AB00AFDB62 /* TMGuildEmblem.swift */,
			);
			name = Classes;
			sourceTree = "<group>";
		};
		612AAD1A1BB44A9900144E5F /* Guild */ = {
			isa = PBXGroup;
			children = (
				612AAD1F1BB44B0100144E5F /* TMGuildActivityViewController.swift */,
				612AAD1B1BB44AE100144E5F /* TMGuildChatViewController.swift */,
				612AAD231BB44B2E00144E5F /* TMGuildRanksViewController.swift */,
				612AAD1D1BB44AF200144E5F /* TMGuildRosterViewController.swift */,
				612AAD211BB44B1100144E5F /* TMGuildUpgradesViewController.swift */,
				612AAD251BB44B5B00144E5F /* TMGuildViewController.swift */,
			);
			name = Guild;
			sourceTree = "<group>";
		};
		6163E60E1BBEA04600AFDB62 /* JSON Parser */ = {
			isa = PBXGroup;
			children = (
				6163E6111BBEA08E00AFDB62 /* TMDataManager.swift */,
				6163E6151BBEA78200AFDB62 /* TMJSONParser.swift */,
			);
			name = "JSON Parser";
			sourceTree = "<group>";
		};
		61DBC0D61BC42BDF006F7869 /* Settings */ = {
			isa = PBXGroup;
			children = (
				61DBC0D71BC42BFC006F7869 /* TMSettingsViewController.swift */,
			);
			name = Settings;
			sourceTree = "<group>";
		};
/* End PBXGroup section */

/* Begin PBXNativeTarget section */
		612AACC91BB4452900144E5F /* TyriaMessenger */ = {
			isa = PBXNativeTarget;
			buildConfigurationList = 612AAD091BB4452A00144E5F /* Build configuration list for PBXNativeTarget "TyriaMessenger" */;
			buildPhases = (
				F0165B9049B9D72CC8209764 /* Check Pods Manifest.lock */,
				612AACC61BB4452900144E5F /* Sources */,
				612AACC71BB4452900144E5F /* Frameworks */,
				612AACC81BB4452900144E5F /* Resources */,
				612AAD081BB4452A00144E5F /* Embed Watch Content */,
				B9F38545EC46A4F57A5B81E1 /* Embed Pods Frameworks */,
				6D22E12C34591A7C7A1083E0 /* Copy Pods Resources */,
			);
			buildRules = (
			);
			dependencies = (
			);
			name = TyriaMessenger;
			productName = TyriaMessenger;
			productReference = 612AACCA1BB4452900144E5F /* TyriaMessenger.app */;
			productType = "com.apple.product-type.application";
		};
/* End PBXNativeTarget section */

/* Begin PBXProject section */
		612AACC21BB4452900144E5F /* Project object */ = {
			isa = PBXProject;
			attributes = {
				LastUpgradeCheck = 0700;
				ORGANIZATIONNAME = ChristianGrimsgaard;
				TargetAttributes = {
					612AACC91BB4452900144E5F = {
						CreatedOnToolsVersion = 7.0;
					};
				};
			};
			buildConfigurationList = 612AACC51BB4452900144E5F /* Build configuration list for PBXProject "TyriaMessenger" */;
			compatibilityVersion = "Xcode 3.2";
			developmentRegion = English;
			hasScannedForEncodings = 0;
			knownRegions = (
				en,
				Base,
			);
			mainGroup = 612AACC11BB4452900144E5F;
			productRefGroup = 612AACCB1BB4452900144E5F /* Products */;
			projectDirPath = "";
			projectRoot = "";
			targets = (
				612AACC91BB4452900144E5F /* TyriaMessenger */,
			);
		};
/* End PBXProject section */

/* Begin PBXResourcesBuildPhase section */
		612AACC81BB4452900144E5F /* Resources */ = {
			isa = PBXResourcesBuildPhase;
			buildActionMask = 2147483647;
			files = (
				612AACD81BB4452900144E5F /* LaunchScreen.storyboard in Resources */,
				612AACD51BB4452900144E5F /* Assets.xcassets in Resources */,
				612AACD31BB4452900144E5F /* Main.storyboard in Resources */,
			);
			runOnlyForDeploymentPostprocessing = 0;
		};
/* End PBXResourcesBuildPhase section */

/* Begin PBXShellScriptBuildPhase section */
		6D22E12C34591A7C7A1083E0 /* Copy Pods Resources */ = {
			isa = PBXShellScriptBuildPhase;
			buildActionMask = 2147483647;
			files = (
			);
			inputPaths = (
			);
			name = "Copy Pods Resources";
			outputPaths = (
			);
			runOnlyForDeploymentPostprocessing = 0;
			shellPath = /bin/sh;
			shellScript = "\"${SRCROOT}/Pods/Target Support Files/Pods/Pods-resources.sh\"\n";
			showEnvVarsInLog = 0;
		};
		B9F38545EC46A4F57A5B81E1 /* Embed Pods Frameworks */ = {
			isa = PBXShellScriptBuildPhase;
			buildActionMask = 2147483647;
			files = (
			);
			inputPaths = (
			);
			name = "Embed Pods Frameworks";
			outputPaths = (
			);
			runOnlyForDeploymentPostprocessing = 0;
			shellPath = /bin/sh;
			shellScript = "\"${SRCROOT}/Pods/Target Support Files/Pods/Pods-frameworks.sh\"\n";
			showEnvVarsInLog = 0;
		};
		F0165B9049B9D72CC8209764 /* Check Pods Manifest.lock */ = {
			isa = PBXShellScriptBuildPhase;
			buildActionMask = 2147483647;
			files = (
			);
			inputPaths = (
			);
			name = "Check Pods Manifest.lock";
			outputPaths = (
			);
			runOnlyForDeploymentPostprocessing = 0;
			shellPath = /bin/sh;
			shellScript = "diff \"${PODS_ROOT}/../Podfile.lock\" \"${PODS_ROOT}/Manifest.lock\" > /dev/null\nif [[ $? != 0 ]] ; then\n    cat << EOM\nerror: The sandbox is not in sync with the Podfile.lock. Run 'pod install' or update your CocoaPods installation.\nEOM\n    exit 1\nfi\n";
			showEnvVarsInLog = 0;
		};
/* End PBXShellScriptBuildPhase section */

/* Begin PBXSourcesBuildPhase section */
		612AACC61BB4452900144E5F /* Sources */ = {
			isa = PBXSourcesBuildPhase;
			buildActionMask = 2147483647;
			files = (
				6163E6161BBEA78200AFDB62 /* TMJSONParser.swift in Sources */,
				612AACD01BB4452900144E5F /* TMRootViewController.swift in Sources */,
				6163E61A1BBEA9AB00AFDB62 /* TMGuildEmblem.swift in Sources */,
				612AAD261BB44B5B00144E5F /* TMGuildViewController.swift in Sources */,
				612AACCE1BB4452900144E5F /* AppDelegate.swift in Sources */,
				612AAD171BB44A2C00144E5F /* TMGuildTableViewController.swift in Sources */,
				612AAD221BB44B1100144E5F /* TMGuildUpgradesViewController.swift in Sources */,
				612AAD121BB4473700144E5F /* TMManager.swift in Sources */,
				61DBC0D81BC42BFC006F7869 /* TMSettingsViewController.swift in Sources */,
				612AAD241BB44B2E00144E5F /* TMGuildRanksViewController.swift in Sources */,
				6163E6181BBEA83D00AFDB62 /* TMAccount.swift in Sources */,
				612AAD0F1BB4462B00144E5F /* TMGuild.swift in Sources */,
				612AAD191BB44A4A00144E5F /* TMGuildTableViewCell.swift in Sources */,
				6175570E1BBECA520008FE47 /* TMTabBarController.swift in Sources */,
				612AAD1C1BB44AE100144E5F /* TMGuildChatViewController.swift in Sources */,
				612AAD201BB44B0100144E5F /* TMGuildActivityViewController.swift in Sources */,
				612AAD1E1BB44AF200144E5F /* TMGuildRosterViewController.swift in Sources */,
				6163E6141BBEA0C000AFDB62 /* TMConstants.swift in Sources */,
				6163E6121BBEA08E00AFDB62 /* TMDataManager.swift in Sources */,
			);
			runOnlyForDeploymentPostprocessing = 0;
		};
/* End PBXSourcesBuildPhase section */

/* Begin PBXVariantGroup section */
		612AACD11BB4452900144E5F /* Main.storyboard */ = {
			isa = PBXVariantGroup;
			children = (
				612AACD21BB4452900144E5F /* Base */,
			);
			name = Main.storyboard;
			sourceTree = "<group>";
		};
		612AACD61BB4452900144E5F /* LaunchScreen.storyboard */ = {
			isa = PBXVariantGroup;
			children = (
				612AACD71BB4452900144E5F /* Base */,
			);
			name = LaunchScreen.storyboard;
			sourceTree = "<group>";
		};
/* End PBXVariantGroup section */

/* Begin XCBuildConfiguration section */
		612AACFF1BB4452A00144E5F /* Debug */ = {
			isa = XCBuildConfiguration;
			buildSettings = {
				ALWAYS_SEARCH_USER_PATHS = NO;
				CLANG_CXX_LANGUAGE_STANDARD = "gnu++0x";
				CLANG_CXX_LIBRARY = "libc++";
				CLANG_ENABLE_MODULES = YES;
				CLANG_ENABLE_OBJC_ARC = YES;
				CLANG_WARN_BOOL_CONVERSION = YES;
				CLANG_WARN_CONSTANT_CONVERSION = YES;
				CLANG_WARN_DIRECT_OBJC_ISA_USAGE = YES_ERROR;
				CLANG_WARN_EMPTY_BODY = YES;
				CLANG_WARN_ENUM_CONVERSION = YES;
				CLANG_WARN_INT_CONVERSION = YES;
				CLANG_WARN_OBJC_ROOT_CLASS = YES_ERROR;
				CLANG_WARN_UNREACHABLE_CODE = YES;
				CLANG_WARN__DUPLICATE_METHOD_MATCH = YES;
				"CODE_SIGN_IDENTITY[sdk=iphoneos*]" = "iPhone Developer";
				COPY_PHASE_STRIP = NO;
				DEBUG_INFORMATION_FORMAT = dwarf;
				ENABLE_STRICT_OBJC_MSGSEND = YES;
				ENABLE_TESTABILITY = YES;
				GCC_C_LANGUAGE_STANDARD = gnu99;
				GCC_DYNAMIC_NO_PIC = NO;
				GCC_NO_COMMON_BLOCKS = YES;
				GCC_OPTIMIZATION_LEVEL = 0;
				GCC_PREPROCESSOR_DEFINITIONS = (
					"DEBUG=1",
					"$(inherited)",
				);
				GCC_WARN_64_TO_32_BIT_CONVERSION = YES;
				GCC_WARN_ABOUT_RETURN_TYPE = YES_ERROR;
				GCC_WARN_UNDECLARED_SELECTOR = YES;
				GCC_WARN_UNINITIALIZED_AUTOS = YES_AGGRESSIVE;
				GCC_WARN_UNUSED_FUNCTION = YES;
				GCC_WARN_UNUSED_VARIABLE = YES;
				IPHONEOS_DEPLOYMENT_TARGET = 9.0;
				MTL_ENABLE_DEBUG_INFO = YES;
				ONLY_ACTIVE_ARCH = YES;
				SDKROOT = iphoneos;
				SWIFT_OPTIMIZATION_LEVEL = "-Onone";
				TARGETED_DEVICE_FAMILY = "1,2";
			};
			name = Debug;
		};
		612AAD001BB4452A00144E5F /* Release */ = {
			isa = XCBuildConfiguration;
			buildSettings = {
				ALWAYS_SEARCH_USER_PATHS = NO;
				CLANG_CXX_LANGUAGE_STANDARD = "gnu++0x";
				CLANG_CXX_LIBRARY = "libc++";
				CLANG_ENABLE_MODULES = YES;
				CLANG_ENABLE_OBJC_ARC = YES;
				CLANG_WARN_BOOL_CONVERSION = YES;
				CLANG_WARN_CONSTANT_CONVERSION = YES;
				CLANG_WARN_DIRECT_OBJC_ISA_USAGE = YES_ERROR;
				CLANG_WARN_EMPTY_BODY = YES;
				CLANG_WARN_ENUM_CONVERSION = YES;
				CLANG_WARN_INT_CONVERSION = YES;
				CLANG_WARN_OBJC_ROOT_CLASS = YES_ERROR;
				CLANG_WARN_UNREACHABLE_CODE = YES;
				CLANG_WARN__DUPLICATE_METHOD_MATCH = YES;
				"CODE_SIGN_IDENTITY[sdk=iphoneos*]" = "iPhone Developer";
				COPY_PHASE_STRIP = NO;
				DEBUG_INFORMATION_FORMAT = "dwarf-with-dsym";
				ENABLE_NS_ASSERTIONS = NO;
				ENABLE_STRICT_OBJC_MSGSEND = YES;
				GCC_C_LANGUAGE_STANDARD = gnu99;
				GCC_NO_COMMON_BLOCKS = YES;
				GCC_WARN_64_TO_32_BIT_CONVERSION = YES;
				GCC_WARN_ABOUT_RETURN_TYPE = YES_ERROR;
				GCC_WARN_UNDECLARED_SELECTOR = YES;
				GCC_WARN_UNINITIALIZED_AUTOS = YES_AGGRESSIVE;
				GCC_WARN_UNUSED_FUNCTION = YES;
				GCC_WARN_UNUSED_VARIABLE = YES;
				IPHONEOS_DEPLOYMENT_TARGET = 9.0;
				MTL_ENABLE_DEBUG_INFO = NO;
				SDKROOT = iphoneos;
				TARGETED_DEVICE_FAMILY = "1,2";
				VALIDATE_PRODUCT = YES;
			};
			name = Release;
		};
		612AAD0A1BB4452A00144E5F /* Debug */ = {
			isa = XCBuildConfiguration;
			baseConfigurationReference = 17302F1F2B412D2840F8E34C /* Pods.debug.xcconfig */;
			buildSettings = {
				ASSETCATALOG_COMPILER_APPICON_NAME = AppIcon;
				INFOPLIST_FILE = TyriaMessenger/Info.plist;
				LD_RUNPATH_SEARCH_PATHS = "$(inherited) @executable_path/Frameworks";
				PRODUCT_BUNDLE_IDENTIFIER = net.christiangrimsgaard.TyriaMessenger;
				PRODUCT_NAME = "$(TARGET_NAME)";
			};
			name = Debug;
		};
		612AAD0B1BB4452A00144E5F /* Release */ = {
			isa = XCBuildConfiguration;
			baseConfigurationReference = BB34E2EC11BDEF50FB1DB21C /* Pods.release.xcconfig */;
			buildSettings = {
				ASSETCATALOG_COMPILER_APPICON_NAME = AppIcon;
				INFOPLIST_FILE = TyriaMessenger/Info.plist;
				LD_RUNPATH_SEARCH_PATHS = "$(inherited) @executable_path/Frameworks";
				PRODUCT_BUNDLE_IDENTIFIER = net.christiangrimsgaard.TyriaMessenger;
				PRODUCT_NAME = "$(TARGET_NAME)";
			};
			name = Release;
		};
/* End XCBuildConfiguration section */

/* Begin XCConfigurationList section */
		612AACC51BB4452900144E5F /* Build configuration list for PBXProject "TyriaMessenger" */ = {
			isa = XCConfigurationList;
			buildConfigurations = (
				612AACFF1BB4452A00144E5F /* Debug */,
				612AAD001BB4452A00144E5F /* Release */,
			);
			defaultConfigurationIsVisible = 0;
			defaultConfigurationName = Release;
		};
		612AAD091BB4452A00144E5F /* Build configuration list for PBXNativeTarget "TyriaMessenger" */ = {
			isa = XCConfigurationList;
			buildConfigurations = (
				612AAD0A1BB4452A00144E5F /* Debug */,
				612AAD0B1BB4452A00144E5F /* Release */,
			);
			defaultConfigurationIsVisible = 0;
			defaultConfigurationName = Release;
		};
/* End XCConfigurationList section */
	};
	rootObject = 612AACC21BB4452900144E5F /* Project object */;
}
